// !$*UTF8*$!
{
	archiveVersion = 1;
	classes = {
	};
	objectVersion = 46;
	objects = {

/* Begin PBXBuildFile section */
		4CA535E81B8B039700F43564 /* AppDelegate.swift in Sources */ = {isa = PBXBuildFile; fileRef = 4CA535E71B8B039700F43564 /* AppDelegate.swift */; };
		4CA535EA1B8B039700F43564 /* ViewController.swift in Sources */ = {isa = PBXBuildFile; fileRef = 4CA535E91B8B039700F43564 /* ViewController.swift */; };
		4CA535ED1B8B039700F43564 /* Main.storyboard in Resources */ = {isa = PBXBuildFile; fileRef = 4CA535EB1B8B039700F43564 /* Main.storyboard */; };
		4CA535EF1B8B039700F43564 /* Images.xcassets in Resources */ = {isa = PBXBuildFile; fileRef = 4CA535EE1B8B039700F43564 /* Images.xcassets */; };
		4CA535F21B8B039700F43564 /* LaunchScreen.xib in Resources */ = {isa = PBXBuildFile; fileRef = 4CA535F01B8B039700F43564 /* LaunchScreen.xib */; };
		4CA535FE1B8B039800F43564 /* Pitch_PerfectTests.swift in Sources */ = {isa = PBXBuildFile; fileRef = 4CA535FD1B8B039800F43564 /* Pitch_PerfectTests.swift */; };
/* End PBXBuildFile section */

/* Begin PBXContainerItemProxy section */
		4CA535F81B8B039700F43564 /* PBXContainerItemProxy */ = {
			isa = PBXContainerItemProxy;
			containerPortal = 4CA535DA1B8B039700F43564 /* Project object */;
			proxyType = 1;
			remoteGlobalIDString = 4CA535E11B8B039700F43564;
			remoteInfo = "Pitch Perfect";
		};
/* End PBXContainerItemProxy section */

/* Begin PBXFileReference section */
		4CA535E21B8B039700F43564 /* Pitch Perfect.app */ = {isa = PBXFileReference; explicitFileType = wrapper.application; includeInIndex = 0; path = "Pitch Perfect.app"; sourceTree = BUILT_PRODUCTS_DIR; };
		4CA535E61B8B039700F43564 /* Info.plist */ = {isa = PBXFileReference; lastKnownFileType = text.plist.xml; path = Info.plist; sourceTree = "<group>"; };
		4CA535E71B8B039700F43564 /* AppDelegate.swift */ = {isa = PBXFileReference; lastKnownFileType = sourcecode.swift; path = AppDelegate.swift; sourceTree = "<group>"; };
		4CA535E91B8B039700F43564 /* ViewController.swift */ = {isa = PBXFileReference; lastKnownFileType = sourcecode.swift; path = ViewController.swift; sourceTree = "<group>"; };
		4CA535EC1B8B039700F43564 /* Base */ = {isa = PBXFileReference; lastKnownFileType = file.storyboard; name = Base; path = Base.lproj/Main.storyboard; sourceTree = "<group>"; };
		4CA535EE1B8B039700F43564 /* Images.xcassets */ = {isa = PBXFileReference; lastKnownFileType = folder.assetcatalog; path = Images.xcassets; sourceTree = "<group>"; };
		4CA535F11B8B039700F43564 /* Base */ = {isa = PBXFileReference; lastKnownFileType = file.xib; name = Base; path = Base.lproj/LaunchScreen.xib; sourceTree = "<group>"; };
		4CA535F71B8B039700F43564 /* Pitch PerfectTests.xctest */ = {isa = PBXFileReference; explicitFileType = wrapper.cfbundle; includeInIndex = 0; path = "Pitch PerfectTests.xctest"; sourceTree = BUILT_PRODUCTS_DIR; };
		4CA535FC1B8B039800F43564 /* Info.plist */ = {isa = PBXFileReference; lastKnownFileType = text.plist.xml; path = Info.plist; sourceTree = "<group>"; };
		4CA535FD1B8B039800F43564 /* Pitch_PerfectTests.swift */ = {isa = PBXFileReference; lastKnownFileType = sourcecode.swift; path = Pitch_PerfectTests.swift; sourceTree = "<group>"; };
/* End PBXFileReference section */

/* Begin PBXFrameworksBuildPhase section */
		4CA535DF1B8B039700F43564 /* Frameworks */ = {
			isa = PBXFrameworksBuildPhase;
			buildActionMask = 2147483647;
			files = (
			);
			runOnlyForDeploymentPostprocessing = 0;
		};
		4CA535F41B8B039700F43564 /* Frameworks */ = {
			isa = PBXFrameworksBuildPhase;
			buildActionMask = 2147483647;
			files = (
			);
			runOnlyForDeploymentPostprocessing = 0;
		};
/* End PBXFrameworksBuildPhase section */

/* Begin PBXGroup section */
		4CA535D91B8B039700F43564 = {
			isa = PBXGroup;
			children = (
				4CA535E41B8B039700F43564 /* Pitch Perfect */,
				4CA535FA1B8B039700F43564 /* Pitch PerfectTests */,
				4CA535E31B8B039700F43564 /* Products */,
			);
			sourceTree = "<group>";
		};
		4CA535E31B8B039700F43564 /* Products */ = {
			isa = PBXGroup;
			children = (
				4CA535E21B8B039700F43564 /* Pitch Perfect.app */,
				4CA535F71B8B039700F43564 /* Pitch PerfectTests.xctest */,
			);
			name = Products;
			sourceTree = "<group>";
		};
		4CA535E41B8B039700F43564 /* Pitch Perfect */ = {
			isa = PBXGroup;
			children = (
				4CA535E71B8B039700F43564 /* AppDelegate.swift */,
				4CA535E91B8B039700F43564 /* ViewController.swift */,
				4CA535EB1B8B039700F43564 /* Main.storyboard */,
				4CA535EE1B8B039700F43564 /* Images.xcassets */,
				4CA535F01B8B039700F43564 /* LaunchScreen.xib */,
				4CA535E51B8B039700F43564 /* Supporting Files */,
			);
			path = "Pitch Perfect";
			sourceTree = "<group>";
		};
		4CA535E51B8B039700F43564 /* Supporting Files */ = {
			isa = PBXGroup;
			children = (
				4CA535E61B8B039700F43564 /* Info.plist */,
			);
			name = "Supporting Files";
			sourceTree = "<group>";
		};
		4CA535FA1B8B039700F43564 /* Pitch PerfectTests */ = {
			isa = PBXGroup;
			children = (
				4CA535FD1B8B039800F43564 /* Pitch_PerfectTests.swift */,
				4CA535FB1B8B039800F43564 /* Supporting Files */,
			);
			path = "Pitch PerfectTests";
			sourceTree = "<group>";
		};
		4CA535FB1B8B039800F43564 /* Supporting Files */ = {
			isa = PBXGroup;
			children = (
				4CA535FC1B8B039800F43564 /* Info.plist */,
			);
			name = "Supporting Files";
			sourceTree = "<group>";
		};
/* End PBXGroup section */

/* Begin PBXNativeTarget section */
		4CA535E11B8B039700F43564 /* Pitch Perfect */ = {
			isa = PBXNativeTarget;
			buildConfigurationList = 4CA536011B8B039800F43564 /* Build configuration list for PBXNativeTarget "Pitch Perfect" */;
			buildPhases = (
				4CA535DE1B8B039700F43564 /* Sources */,
				4CA535DF1B8B039700F43564 /* Frameworks */,
				4CA535E01B8B039700F43564 /* Resources */,
			);
			buildRules = (
			);
			dependencies = (
			);
			name = "Pitch Perfect";
			productName = "Pitch Perfect";
			productReference = 4CA535E21B8B039700F43564 /* Pitch Perfect.app */;
			productType = "com.apple.product-type.application";
		};
		4CA535F61B8B039700F43564 /* Pitch PerfectTests */ = {
			isa = PBXNativeTarget;
			buildConfigurationList = 4CA536041B8B039800F43564 /* Build configuration list for PBXNativeTarget "Pitch PerfectTests" */;
			buildPhases = (
				4CA535F31B8B039700F43564 /* Sources */,
				4CA535F41B8B039700F43564 /* Frameworks */,
				4CA535F51B8B039700F43564 /* Resources */,
			);
			buildRules = (
			);
			dependencies = (
				4CA535F91B8B039700F43564 /* PBXTargetDependency */,
			);
			name = "Pitch PerfectTests";
			productName = "Pitch PerfectTests";
			productReference = 4CA535F71B8B039700F43564 /* Pitch PerfectTests.xctest */;
			productType = "com.apple.product-type.bundle.unit-test";
		};
/* End PBXNativeTarget section */

/* Begin PBXProject section */
		4CA535DA1B8B039700F43564 /* Project object */ = {
			isa = PBXProject;
			attributes = {
				LastUpgradeCheck = 0640;
				ORGANIZATIONNAME = "Winnie Wen";
				TargetAttributes = {
					4CA535E11B8B039700F43564 = {
						CreatedOnToolsVersion = 6.4;
					};
					4CA535F61B8B039700F43564 = {
						CreatedOnToolsVersion = 6.4;
						TestTargetID = 4CA535E11B8B039700F43564;
					};
				};
			};
			buildConfigurationList = 4CA535DD1B8B039700F43564 /* Build configuration list for PBXProject "Pitch Perfect" */;
			compatibilityVersion = "Xcode 3.2";
			developmentRegion = English;
			hasScannedForEncodings = 0;
			knownRegions = (
				en,
				Base,
			);
			mainGroup = 4CA535D91B8B039700F43564;
			productRefGroup = 4CA535E31B8B039700F43564 /* Products */;
			projectDirPath = "";
			projectRoot = "";
			targets = (
				4CA535E11B8B039700F43564 /* Pitch Perfect */,
				4CA535F61B8B039700F43564 /* Pitch PerfectTests */,
			);
		};
/* End PBXProject section */

/* Begin PBXResourcesBuildPhase section */
		4CA535E01B8B039700F43564 /* Resources */ = {
			isa = PBXResourcesBuildPhase;
			buildActionMask = 2147483647;
			files = (
				4CA535ED1B8B039700F43564 /* Main.storyboard in Resources */,
				4CA535F21B8B039700F43564 /* LaunchScreen.xib in Resources */,
				4CA535EF1B8B039700F43564 /* Images.xcassets in Resources */,
			);
			runOnlyForDeploymentPostprocessing = 0;
		};
		4CA535F51B8B039700F43564 /* Resources */ = {
			isa = PBXResourcesBuildPhase;
			buildActionMask = 2147483647;
			files = (
			);
			runOnlyForDeploymentPostprocessing = 0;
		};
/* End PBXResourcesBuildPhase section */

/* Begin PBXSourcesBuildPhase section */
		4CA535DE1B8B039700F43564 /* Sources */ = {
			isa = PBXSourcesBuildPhase;
			buildActionMask = 2147483647;
			files = (
				4CA535EA1B8B039700F43564 /* ViewController.swift in Sources */,
				4CA535E81B8B039700F43564 /* AppDelegate.swift in Sources */,
			);
			runOnlyForDeploymentPostprocessing = 0;
		};
		4CA535F31B8B039700F43564 /* Sources */ = {
			isa = PBXSourcesBuildPhase;
			buildActionMask = 2147483647;
			files = (
				4CA535FE1B8B039800F43564 /* Pitch_PerfectTests.swift in Sources */,
			);
			runOnlyForDeploymentPostprocessing = 0;
		};
/* End PBXSourcesBuildPhase section */

/* Begin PBXTargetDependency section */
		4CA535F91B8B039700F43564 /* PBXTargetDependency */ = {
			isa = PBXTargetDependency;
			target = 4CA535E11B8B039700F43564 /* Pitch Perfect */;
			targetProxy = 4CA535F81B8B039700F43564 /* PBXContainerItemProxy */;
		};
/* End PBXTargetDependency section */

/* Begin PBXVariantGroup section */
		4CA535EB1B8B039700F43564 /* Main.storyboard */ = {
			isa = PBXVariantGroup;
			children = (
				4CA535EC1B8B039700F43564 /* Base */,
			);
			name = Main.storyboard;
			sourceTree = "<group>";
		};
		4CA535F01B8B039700F43564 /* LaunchScreen.xib */ = {
			isa = PBXVariantGroup;
			children = (
				4CA535F11B8B039700F43564 /* Base */,
			);
			name = LaunchScreen.xib;
			sourceTree = "<group>";
		};
/* End PBXVariantGroup section */

/* Begin XCBuildConfiguration section */
		4CA535FF1B8B039800F43564 /* Debug */ = {
			isa = XCBuildConfiguration;
			buildSettings = {
				ALWAYS_SEARCH_USER_PATHS = NO;
				CLANG_CXX_LANGUAGE_STANDARD = "gnu++0x";
				CLANG_CXX_LIBRARY = "libc++";
				CLANG_ENABLE_MODULES = YES;
				CLANG_ENABLE_OBJC_ARC = YES;
				CLANG_WARN_BOOL_CONVERSION = YES;
				CLANG_WARN_CONSTANT_CONVERSION = YES;
				CLANG_WARN_DIRECT_OBJC_ISA_USAGE = YES_ERROR;
				CLANG_WARN_EMPTY_BODY = YES;
				CLANG_WARN_ENUM_CONVERSION = YES;
				CLANG_WARN_INT_CONVERSION = YES;
				CLANG_WARN_OBJC_ROOT_CLASS = YES_ERROR;
				CLANG_WARN_UNREACHABLE_CODE = YES;
				CLANG_WARN__DUPLICATE_METHOD_MATCH = YES;
				"CODE_SIGN_IDENTITY[sdk=iphoneos*]" = "iPhone Developer";
				COPY_PHASE_STRIP = NO;
				DEBUG_INFORMATION_FORMAT = "dwarf-with-dsym";
				ENABLE_STRICT_OBJC_MSGSEND = YES;
				GCC_C_LANGUAGE_STANDARD = gnu99;
				GCC_DYNAMIC_NO_PIC = NO;
				GCC_NO_COMMON_BLOCKS = YES;
				GCC_OPTIMIZATION_LEVEL = 0;
				GCC_PREPROCESSOR_DEFINITIONS = (
					"DEBUG=1",
					"$(inherited)",
				);
				GCC_SYMBOLS_PRIVATE_EXTERN = NO;
				GCC_WARN_64_TO_32_BIT_CONVERSION = YES;
				GCC_WARN_ABOUT_RETURN_TYPE = YES_ERROR;
				GCC_WARN_UNDECLARED_SELECTOR = YES;
				GCC_WARN_UNINITIALIZED_AUTOS = YES_AGGRESSIVE;
				GCC_WARN_UNUSED_FUNCTION = YES;
				GCC_WARN_UNUSED_VARIABLE = YES;
				IPHONEOS_DEPLOYMENT_TARGET = 8.4;
				MTL_ENABLE_DEBUG_INFO = YES;
				ONLY_ACTIVE_ARCH = YES;
				SDKROOT = iphoneos;
				SWIFT_OPTIMIZATION_LEVEL = "-Onone";
			};
			name = Debug;
		};
		4CA536001B8B039800F43564 /* Release */ = {
			isa = XCBuildConfiguration;
			buildSettings = {
				ALWAYS_SEARCH_USER_PATHS = NO;
				CLANG_CXX_LANGUAGE_STANDARD = "gnu++0x";
				CLANG_CXX_LIBRARY = "libc++";
				CLANG_ENABLE_MODULES = YES;
				CLANG_ENABLE_OBJC_ARC = YES;
				CLANG_WARN_BOOL_CONVERSION = YES;
				CLANG_WARN_CONSTANT_CONVERSION = YES;
				CLANG_WARN_DIRECT_OBJC_ISA_USAGE = YES_ERROR;
				CLANG_WARN_EMPTY_BODY = YES;
				CLANG_WARN_ENUM_CONVERSION = YES;
				CLANG_WARN_INT_CONVERSION = YES;
				CLANG_WARN_OBJC_ROOT_CLASS = YES_ERROR;
				CLANG_WARN_UNREACHABLE_CODE = YES;
				CLANG_WARN__DUPLICATE_METHOD_MATCH = YES;
				"CODE_SIGN_IDENTITY[sdk=iphoneos*]" = "iPhone Developer";
				COPY_PHASE_STRIP = NO;
				DEBUG_INFORMATION_FORMAT = "dwarf-with-dsym";
				ENABLE_NS_ASSERTIONS = NO;
				ENABLE_STRICT_OBJC_MSGSEND = YES;
				GCC_C_LANGUAGE_STANDARD = gnu99;
				GCC_NO_COMMON_BLOCKS = YES;
				GCC_WARN_64_TO_32_BIT_CONVERSION = YES;
				GCC_WARN_ABOUT_RETURN_TYPE = YES_ERROR;
				GCC_WARN_UNDECLARED_SELECTOR = YES;
				GCC_WARN_UNINITIALIZED_AUTOS = YES_AGGRESSIVE;
				GCC_WARN_UNUSED_FUNCTION = YES;
				GCC_WARN_UNUSED_VARIABLE = YES;
				IPHONEOS_DEPLOYMENT_TARGET = 8.4;
				MTL_ENABLE_DEBUG_INFO = NO;
				SDKROOT = iphoneos;
				VALIDATE_PRODUCT = YES;
			};
			name = Release;
		};
		4CA536021B8B039800F43564 /* Debug */ = {
			isa = XCBuildConfiguration;
			buildSettings = {
				ASSETCATALOG_COMPILER_APPICON_NAME = AppIcon;
				INFOPLIST_FILE = "Pitch Perfect/Info.plist";
				LD_RUNPATH_SEARCH_PATHS = "$(inherited) @executable_path/Frameworks";
				PRODUCT_NAME = "$(TARGET_NAME)";
			};
			name = Debug;
		};
		4CA536031B8B039800F43564 /* Release */ = {
			isa = XCBuildConfiguration;
			buildSettings = {
				ASSETCATALOG_COMPILER_APPICON_NAME = AppIcon;
				INFOPLIST_FILE = "Pitch Perfect/Info.plist";
				LD_RUNPATH_SEARCH_PATHS = "$(inherited) @executable_path/Frameworks";
				PRODUCT_NAME = "$(TARGET_NAME)";
			};
			name = Release;
		};
		4CA536051B8B039800F43564 /* Debug */ = {
			isa = XCBuildConfiguration;
			buildSettings = {
				BUNDLE_LOADER = "$(TEST_HOST)";
				FRAMEWORK_SEARCH_PATHS = (
					"$(SDKROOT)/Developer/Library/Frameworks",
					"$(inherited)",
				);
				GCC_PREPROCESSOR_DEFINITIONS = (
					"DEBUG=1",
					"$(inherited)",
				);
				INFOPLIST_FILE = "Pitch PerfectTests/Info.plist";
				LD_RUNPATH_SEARCH_PATHS = "$(inherited) @executable_path/Frameworks @loader_path/Frameworks";
				PRODUCT_NAME = "$(TARGET_NAME)";
				TEST_HOST = "$(BUILT_PRODUCTS_DIR)/Pitch Perfect.app/Pitch Perfect";
			};
			name = Debug;
		};
		4CA536061B8B039800F43564 /* Release */ = {
			isa = XCBuildConfiguration;
			buildSettings = {
				BUNDLE_LOADER = "$(TEST_HOST)";
				FRAMEWORK_SEARCH_PATHS = (
					"$(SDKROOT)/Developer/Library/Frameworks",
					"$(inherited)",
				);
				INFOPLIST_FILE = "Pitch PerfectTests/Info.plist";
				LD_RUNPATH_SEARCH_PATHS = "$(inherited) @executable_path/Frameworks @loader_path/Frameworks";
				PRODUCT_NAME = "$(TARGET_NAME)";
				TEST_HOST = "$(BUILT_PRODUCTS_DIR)/Pitch Perfect.app/Pitch Perfect";
			};
			name = Release;
		};
/* End XCBuildConfiguration section */

/* Begin XCConfigurationList section */
		4CA535DD1B8B039700F43564 /* Build configuration list for PBXProject "Pitch Perfect" */ = {
			isa = XCConfigurationList;
			buildConfigurations = (
				4CA535FF1B8B039800F43564 /* Debug */,
				4CA536001B8B039800F43564 /* Release */,
			);
			defaultConfigurationIsVisible = 0;
			defaultConfigurationName = Release;
		};
		4CA536011B8B039800F43564 /* Build configuration list for PBXNativeTarget "Pitch Perfect" */ = {
			isa = XCConfigurationList;
			buildConfigurations = (
				4CA536021B8B039800F43564 /* Debug */,
				4CA536031B8B039800F43564 /* Release */,
			);
			defaultConfigurationIsVisible = 0;
		};
		4CA536041B8B039800F43564 /* Build configuration list for PBXNativeTarget "Pitch PerfectTests" */ = {
			isa = XCConfigurationList;
			buildConfigurations = (
				4CA536051B8B039800F43564 /* Debug */,
				4CA536061B8B039800F43564 /* Release */,
			);
			defaultConfigurationIsVisible = 0;
		};
/* End XCConfigurationList section */
	};
	rootObject = 4CA535DA1B8B039700F43564 /* Project object */;
}
